
Microsoft Visual Studio Solution File, Format Version 12.00
# Visual Studio Version 16
VisualStudioVersion = 16.0.31019.35
MinimumVisualStudioVersion = 10.0.40219.1
Project("{9A19103F-16F7-4668-BE54-9A1E7A4F7556}") = "Park.API", "ParkAPI\Park.API.csproj", "{3BBD263D-6CD1-42CA-A85B-656FA73208AC}"
	ProjectSection(ProjectDependencies) = postProject
		{19C3F2B2-A620-48C9-BB37-C73B3AECFE9D} = {19C3F2B2-A620-48C9-BB37-C73B3AECFE9D}
	EndProjectSection
EndProject
Project("{9A19103F-16F7-4668-BE54-9A1E7A4F7556}") = "Park.Infrastructure", "Park.Infrastructure\Park.Infrastructure.csproj", "{4ED14CD0-1EF3-4D6A-925F-E789EB521C39}"
	ProjectSection(ProjectDependencies) = postProject
		{19C3F2B2-A620-48C9-BB37-C73B3AECFE9D} = {19C3F2B2-A620-48C9-BB37-C73B3AECFE9D}
	EndProjectSection
EndProject
Project("{9A19103F-16F7-4668-BE54-9A1E7A4F7556}") = "Parks.Core", "Park.Core\Parks.Core.csproj", "{19C3F2B2-A620-48C9-BB37-C73B3AECFE9D}"
EndProject
Project("{9A19103F-16F7-4668-BE54-9A1E7A4F7556}") = "Park.Tests", "Park.Tests\Park.Tests.csproj", "{D26AF5A2-780C-4BA8-BF16-DC088CA1CB63}"
EndProject
Global
	GlobalSection(SolutionConfigurationPlatforms) = preSolution
		Debug|Any CPU = Debug|Any CPU
		Release|Any CPU = Release|Any CPU
	EndGlobalSection
	GlobalSection(ProjectConfigurationPlatforms) = postSolution
		{3BBD263D-6CD1-42CA-A85B-656FA73208AC}.Debug|Any CPU.ActiveCfg = Debug|Any CPU
		{3BBD263D-6CD1-42CA-A85B-656FA73208AC}.Debug|Any CPU.Build.0 = Debug|Any CPU
		{3BBD263D-6CD1-42CA-A85B-656FA73208AC}.Release|Any CPU.ActiveCfg = Release|Any CPU
		{3BBD263D-6CD1-42CA-A85B-656FA73208AC}.Release|Any CPU.Build.0 = Release|Any CPU
		{4ED14CD0-1EF3-4D6A-925F-E789EB521C39}.Debug|Any CPU.ActiveCfg = Debug|Any CPU
		{4ED14CD0-1EF3-4D6A-925F-E789EB521C39}.Debug|Any CPU.Build.0 = Debug|Any CPU
		{4ED14CD0-1EF3-4D6A-925F-E789EB521C39}.Release|Any CPU.ActiveCfg = Release|Any CPU
		{4ED14CD0-1EF3-4D6A-925F-E789EB521C39}.Release|Any CPU.Build.0 = Release|Any CPU
		{19C3F2B2-A620-48C9-BB37-C73B3AECFE9D}.Debug|Any CPU.ActiveCfg = Debug|Any CPU
		{19C3F2B2-A620-48C9-BB37-C73B3AECFE9D}.Debug|Any CPU.Build.0 = Debug|Any CPU
		{19C3F2B2-A620-48C9-BB37-C73B3AECFE9D}.Release|Any CPU.ActiveCfg = Release|Any CPU
		{19C3F2B2-A620-48C9-BB37-C73B3AECFE9D}.Release|Any CPU.Build.0 = Release|Any CPU
		{D26AF5A2-780C-4BA8-BF16-DC088CA1CB63}.Debug|Any CPU.ActiveCfg = Debug|Any CPU
		{D26AF5A2-780C-4BA8-BF16-DC088CA1CB63}.Debug|Any CPU.Build.0 = Debug|Any CPU
		{D26AF5A2-780C-4BA8-BF16-DC088CA1CB63}.Release|Any CPU.ActiveCfg = Release|Any CPU
		{D26AF5A2-780C-4BA8-BF16-DC088CA1CB63}.Release|Any CPU.Build.0 = Release|Any CPU
	EndGlobalSection
	GlobalSection(SolutionProperties) = preSolution
		HideSolutionNode = FALSE
	EndGlobalSection
	GlobalSection(ExtensibilityGlobals) = postSolution
		SolutionGuid = {D978398B-5577-498B-9117-B345C5C2266A}
	EndGlobalSection
EndGlobal
